# THIS IS AN AUTOGENERATED FILE. DO NOT EDIT THIS FILE DIRECTLY.
# yarn lockfile v1


contentful-ui-extensions-sdk@^3.15.0:
  version "3.26.1"
  resolved "https://registry.yarnpkg.com/contentful-ui-extensions-sdk/-/contentful-ui-extensions-sdk-3.26.1.tgz#5847c163c36f9ddc3659f89fc1f80fcef7aa2f30"
  integrity sha512-2U3o1bq2aoNW5Pppf/0WjvDVlr5luxhTT1qA7hWJgy+lKVA6jKl8lEKK5Ru4YkT1ZDsna8vu7EGL3T/ardZGXA==

typescript@3.9.5:
  version "3.9.5"
  resolved "https://registry.yarnpkg.com/typescript/-/typescript-3.9.5.tgz#586f0dba300cde8be52dd1ac4f7e1009c1b13f36"
  integrity sha512-hSAifV3k+i6lEoCJ2k6R2Z/rp/H3+8sdmcn5NrS3/3kE7+RyZXm9aqvxWqjEXHAd8b0pShatpcdMTvEdvAJltQ==
