# This file is generated by running "yarn install" inside your project.
# Manual changes might be lost - proceed with caution!

__metadata:
  version: 8
  cacheKey: 10c0

"@dnd-kit/accessibility@npm:^3.1.1":
  version: 3.1.1
  resolution: "@dnd-kit/accessibility@npm:3.1.1"
  dependencies:
    tslib: "npm:^2.0.0"
  peerDependencies:
    react: ">=16.8.0"
  checksum: 10c0/be0bf41716dc58f9386bc36906ec1ce72b7b42b6d1d0e631d347afe9bd8714a829bd6f58a346dd089b1519e93918ae2f94497411a61a4f5e4d9247c6cfd1fef8
  languageName: node
  linkType: hard

"@dnd-kit/core@npm:^6.1.0":
  version: 6.3.1
  resolution: "@dnd-kit/core@npm:6.3.1"
  dependencies:
    "@dnd-kit/accessibility": "npm:^3.1.1"
    "@dnd-kit/utilities": "npm:^3.2.2"
    tslib: "npm:^2.0.0"
  peerDependencies:
    react: ">=16.8.0"
    react-dom: ">=16.8.0"
  checksum: 10c0/196db95d81096d9dc248983533eab91ba83591770fa5c894b1ac776f42af0d99522b3fd5bb3923411470e4733fcfa103e6ee17adc17b9b7eb54c7fbec5ff7c52
  languageName: node
  linkType: hard

"@dnd-kit/sortable@npm:^8.0.0":
  version: 8.0.0
  resolution: "@dnd-kit/sortable@npm:8.0.0"
  dependencies:
    "@dnd-kit/utilities": "npm:^3.2.2"
    tslib: "npm:^2.0.0"
  peerDependencies:
    "@dnd-kit/core": ^6.1.0
    react: ">=16.8.0"
  checksum: 10c0/a6066c652b892c6a11320c7d8f5c18fdf723e721e8eea37f4ab657dee1ac5e7ca710ac32ce0712a57fe968bc07c13bcea5d5599d90dfdd95619e162befd4d2fb
  languageName: node
  linkType: hard

"@dnd-kit/utilities@npm:^3.2.2":
  version: 3.2.2
  resolution: "@dnd-kit/utilities@npm:3.2.2"
  dependencies:
    tslib: "npm:^2.0.0"
  peerDependencies:
    react: ">=16.8.0"
  checksum: 10c0/9aa90526f3e3fd567b5acc1b625a63177b9e8d00e7e50b2bd0e08fa2bf4dba7e19529777e001fdb8f89a7ce69f30b190c8364d390212634e0afdfa8c395e85a0
  languageName: node
  linkType: hard

"@emotion/is-prop-valid@npm:1.2.1":
  version: 1.2.1
  resolution: "@emotion/is-prop-valid@npm:1.2.1"
  dependencies:
    "@emotion/memoize": "npm:^0.8.1"
  checksum: 10c0/7c2aabdf0ca9986ca25abc9dae711348308cf18d418d64ffa4c8ffd2114806c47f2e06ba8ee769f38ec67d65bd59ec73f34d94023e81baa1c43510ac86ccd5e6
  languageName: node
  linkType: hard

"@emotion/memoize@npm:^0.8.1":
  version: 0.8.1
  resolution: "@emotion/memoize@npm:0.8.1"
  checksum: 10c0/dffed372fc3b9fa2ba411e76af22b6bb686fb0cb07694fdfaa6dd2baeb0d5e4968c1a7caa472bfcf06a5997d5e7c7d16b90e993f9a6ffae79a2c3dbdc76dfe78
  languageName: node
  linkType: hard

"@emotion/unitless@npm:0.8.0":
  version: 0.8.0
  resolution: "@emotion/unitless@npm:0.8.0"
  checksum: 10c0/1f2cfb7c0ccb83c20b1c6d8d92a74a93da4b2a440f9a0d49ded08647faf299065a2ffde17e1335920fa10397b85f8635bbfe14f3cd29222a59ea81d978478072
  languageName: node
  linkType: hard

"@esbuild/aix-ppc64@npm:0.25.12":
  version: 0.25.12
  resolution: "@esbuild/aix-ppc64@npm:0.25.12"
  conditions: os=aix & cpu=ppc64
  languageName: node
  linkType: hard

"@esbuild/android-arm64@npm:0.25.12":
  version: 0.25.12
  resolution: "@esbuild/android-arm64@npm:0.25.12"
  conditions: os=android & cpu=arm64
  languageName: node
  linkType: hard

"@esbuild/android-arm@npm:0.25.12":
  version: 0.25.12
  resolution: "@esbuild/android-arm@npm:0.25.12"
  conditions: os=android & cpu=arm
  languageName: node
  linkType: hard

"@esbuild/android-x64@npm:0.25.12":
  version: 0.25.12
  resolution: "@esbuild/android-x64@npm:0.25.12"
  conditions: os=android & cpu=x64
  languageName: node
  linkType: hard

"@esbuild/darwin-arm64@npm:0.25.12":
  version: 0.25.12
  resolution: "@esbuild/darwin-arm64@npm:0.25.12"
  conditions: os=darwin & cpu=arm64
  languageName: node
  linkType: hard

"@esbuild/darwin-x64@npm:0.25.12":
  version: 0.25.12
  resolution: "@esbuild/darwin-x64@npm:0.25.12"
  conditions: os=darwin & cpu=x64
  languageName: node
  linkType: hard

"@esbuild/freebsd-arm64@npm:0.25.12":
  version: 0.25.12
  resolution: "@esbuild/freebsd-arm64@npm:0.25.12"
  conditions: os=freebsd & cpu=arm64
  languageName: node
  linkType: hard

"@esbuild/freebsd-x64@npm:0.25.12":
  version: 0.25.12
  resolution: "@esbuild/freebsd-x64@npm:0.25.12"
  conditions: os=freebsd & cpu=x64
  languageName: node
  linkType: hard

"@esbuild/linux-arm64@npm:0.25.12":
  version: 0.25.12
  resolution: "@esbuild/linux-arm64@npm:0.25.12"
  conditions: os=linux & cpu=arm64
  languageName: node
  linkType: hard

"@esbuild/linux-arm@npm:0.25.12":
  version: 0.25.12
  resolution: "@esbuild/linux-arm@npm:0.25.12"
  conditions: os=linux & cpu=arm
  languageName: node
  linkType: hard

"@esbuild/linux-ia32@npm:0.25.12":
  version: 0.25.12
  resolution: "@esbuild/linux-ia32@npm:0.25.12"
  conditions: os=linux & cpu=ia32
  languageName: node
  linkType: hard

"@esbuild/linux-loong64@npm:0.25.12":
  version: 0.25.12
  resolution: "@esbuild/linux-loong64@npm:0.25.12"
  conditions: os=linux & cpu=loong64
  languageName: node
  linkType: hard

"@esbuild/linux-mips64el@npm:0.25.12":
  version: 0.25.12
  resolution: "@esbuild/linux-mips64el@npm:0.25.12"
  conditions: os=linux & cpu=mips64el
  languageName: node
  linkType: hard

"@esbuild/linux-ppc64@npm:0.25.12":
  version: 0.25.12
  resolution: "@esbuild/linux-ppc64@npm:0.25.12"
  conditions: os=linux & cpu=ppc64
  languageName: node
  linkType: hard

"@esbuild/linux-riscv64@npm:0.25.12":
  version: 0.25.12
  resolution: "@esbuild/linux-riscv64@npm:0.25.12"
  conditions: os=linux & cpu=riscv64
  languageName: node
  linkType: hard

"@esbuild/linux-s390x@npm:0.25.12":
  version: 0.25.12
  resolution: "@esbuild/linux-s390x@npm:0.25.12"
  conditions: os=linux & cpu=s390x
  languageName: node
  linkType: hard

"@esbuild/linux-x64@npm:0.25.12":
  version: 0.25.12
  resolution: "@esbuild/linux-x64@npm:0.25.12"
  conditions: os=linux & cpu=x64
  languageName: node
  linkType: hard

"@esbuild/netbsd-arm64@npm:0.25.12":
  version: 0.25.12
  resolution: "@esbuild/netbsd-arm64@npm:0.25.12"
  conditions: os=netbsd & cpu=arm64
  languageName: node
  linkType: hard

"@esbuild/netbsd-x64@npm:0.25.12":
  version: 0.25.12
  resolution: "@esbuild/netbsd-x64@npm:0.25.12"
  conditions: os=netbsd & cpu=x64
  languageName: node
  linkType: hard

"@esbuild/openbsd-arm64@npm:0.25.12":
  version: 0.25.12
  resolution: "@esbuild/openbsd-arm64@npm:0.25.12"
  conditions: os=openbsd & cpu=arm64
  languageName: node
  linkType: hard

"@esbuild/openbsd-x64@npm:0.25.12":
  version: 0.25.12
  resolution: "@esbuild/openbsd-x64@npm:0.25.12"
  conditions: os=openbsd & cpu=x64
  languageName: node
  linkType: hard

"@esbuild/openharmony-arm64@npm:0.25.12":
  version: 0.25.12
  resolution: "@esbuild/openharmony-arm64@npm:0.25.12"
  conditions: os=openharmony & cpu=arm64
  languageName: node
  linkType: hard

"@esbuild/sunos-x64@npm:0.25.12":
  version: 0.25.12
  resolution: "@esbuild/sunos-x64@npm:0.25.12"
  conditions: os=sunos & cpu=x64
  languageName: node
  linkType: hard

"@esbuild/win32-arm64@npm:0.25.12":
  version: 0.25.12
  resolution: "@esbuild/win32-arm64@npm:0.25.12"
  conditions: os=win32 & cpu=arm64
  languageName: node
  linkType: hard

"@esbuild/win32-ia32@npm:0.25.12":
  version: 0.25.12
  resolution: "@esbuild/win32-ia32@npm:0.25.12"
  conditions: os=win32 & cpu=ia32
  languageName: node
  linkType: hard

"@esbuild/win32-x64@npm:0.25.12":
  version: 0.25.12
  resolution: "@esbuild/win32-x64@npm:0.25.12"
  conditions: os=win32 & cpu=x64
  languageName: node
  linkType: hard

"@kaminrunde/storybook-addon-fireside@workspace:.":
  version: 0.0.0-use.local
  resolution: "@kaminrunde/storybook-addon-fireside@workspace:."
  dependencies:
    "@dnd-kit/core": "npm:^6.1.0"
    "@dnd-kit/sortable": "npm:^8.0.0"
    "@dnd-kit/utilities": "npm:^3.2.2"
    "@storybook/components": "npm:^8.6.17"
    "@storybook/manager-api": "npm:^8.6.17"
    "@storybook/preview-api": "npm:^8.6.17"
    "@storybook/react": "npm:^8.6.17"
    "@types/node": "npm:^20.11.6"
    "@types/object-path": "npm:^0.11.4"
    "@types/react": "npm:^18.2.48"
    "@types/styled-components": "npm:^5.1.34"
    "@types/uuid": "npm:^9.0.7"
    hash-it: "npm:^5.0.2"
    immer: "npm:^9.0.12"
    object-path: "npm:^0.11.8"
    react: "npm:^19.0.0"
    react-icons: "npm:^4.1.0"
    storybook: "npm:^8.6.17"
    styled-components: "npm:^6.1.8"
    synchronous-promise: "npm:^2.0.17"
    typescript: "npm:^5.3.3"
    uuid: "npm:^9.0.1"
  languageName: unknown
  linkType: soft

"@storybook/components@npm:8.6.17, @storybook/components@npm:^8.6.17":
  version: 8.6.17
  resolution: "@storybook/components@npm:8.6.17"
  peerDependencies:
    storybook: ^8.2.0 || ^8.3.0-0 || ^8.4.0-0 || ^8.5.0-0 || ^8.6.0-0
  checksum: 10c0/ecf174b5881682e1651f3ea23a687b3f4ddb0ea6157408ed291085dd7c75bd27b0d04ef2480a4bff5673dbcb6a154b0be4540184ce29186336023df6635809b7
  languageName: node
  linkType: hard

"@storybook/core@npm:8.6.17":
  version: 8.6.17
  resolution: "@storybook/core@npm:8.6.17"
  dependencies:
    "@storybook/theming": "npm:8.6.17"
    better-opn: "npm:^3.0.2"
    browser-assert: "npm:^1.2.1"
    esbuild: "npm:^0.18.0 || ^0.19.0 || ^0.20.0 || ^0.21.0 || ^0.22.0 || ^0.23.0 || ^0.24.0 || ^0.25.0"
    esbuild-register: "npm:^3.5.0"
    jsdoc-type-pratt-parser: "npm:^4.0.0"
    process: "npm:^0.11.10"
    recast: "npm:^0.23.5"
    semver: "npm:^7.6.2"
    util: "npm:^0.12.5"
    ws: "npm:^8.2.3"
  peerDependencies:
    prettier: ^2 || ^3
  peerDependenciesMeta:
    prettier:
      optional: true
  checksum: 10c0/4b1b00f2c5c55b12a02f7b0bf5ae34d790a3f76f034f4f5af0d4e95d9bc9b7fa92b618b1f002e5d66b3e7f2bba8bc56c8075c902356da43227b457792dd5c740
  languageName: node
  linkType: hard

"@storybook/global@npm:^5.0.0":
  version: 5.0.0
  resolution: "@storybook/global@npm:5.0.0"
  checksum: 10c0/8f1b61dcdd3a89584540896e659af2ecc700bc740c16909a7be24ac19127ea213324de144a141f7caf8affaed017d064fea0618d453afbe027cf60f54b4a6d0b
  languageName: node
  linkType: hard

"@storybook/manager-api@npm:8.6.17, @storybook/manager-api@npm:^8.6.17":
  version: 8.6.17
  resolution: "@storybook/manager-api@npm:8.6.17"
  peerDependencies:
    storybook: ^8.2.0 || ^8.3.0-0 || ^8.4.0-0 || ^8.5.0-0 || ^8.6.0-0
  checksum: 10c0/0e040a6690aae64c407a01a29ef1c5b1d282400e09be387352466a8b7c8816bb9598b8fc210f09924b5f4d04a9f4f36fad1be402832650970051804e2472b22f
  languageName: node
  linkType: hard

"@storybook/preview-api@npm:8.6.17, @storybook/preview-api@npm:^8.6.17":
  version: 8.6.17
  resolution: "@storybook/preview-api@npm:8.6.17"
  peerDependencies:
    storybook: ^8.2.0 || ^8.3.0-0 || ^8.4.0-0 || ^8.5.0-0 || ^8.6.0-0
  checksum: 10c0/fbad9997ec796a7604c8e37bafd37aed5af76c0d742db00fbe4d2c2dc7b2dbfd2a4e66d30198218221d9f1f8136329c4bc813b025b28e7aae19e476835ab7431
  languageName: node
  linkType: hard

"@storybook/react-dom-shim@npm:8.6.17":
  version: 8.6.17
  resolution: "@storybook/react-dom-shim@npm:8.6.17"
  peerDependencies:
    react: ^16.8.0 || ^17.0.0 || ^18.0.0 || ^19.0.0-beta
    react-dom: ^16.8.0 || ^17.0.0 || ^18.0.0 || ^19.0.0-beta
    storybook: ^8.6.17
  checksum: 10c0/6a997d50e09f7579c66a3608e5774fc5aea217ff5a5e4fed9d1ee72cca49955a7e0b15a8e4610b74ad4fda500ecea7a78f0e628d0f9a8592d080877a0e0435bd
  languageName: node
  linkType: hard

"@storybook/react@npm:^8.6.17":
  version: 8.6.17
  resolution: "@storybook/react@npm:8.6.17"
  dependencies:
    "@storybook/components": "npm:8.6.17"
    "@storybook/global": "npm:^5.0.0"
    "@storybook/manager-api": "npm:8.6.17"
    "@storybook/preview-api": "npm:8.6.17"
    "@storybook/react-dom-shim": "npm:8.6.17"
    "@storybook/theming": "npm:8.6.17"
  peerDependencies:
    "@storybook/test": 8.6.17
    react: ^16.8.0 || ^17.0.0 || ^18.0.0 || ^19.0.0-beta
    react-dom: ^16.8.0 || ^17.0.0 || ^18.0.0 || ^19.0.0-beta
    storybook: ^8.6.17
    typescript: ">= 4.2.x"
  peerDependenciesMeta:
    "@storybook/test":
      optional: true
    typescript:
      optional: true
  checksum: 10c0/8339c3a948b1f67ec7c5490e98139f035b3cb2b9a6be6050854cea974ed276823717520f839812d9f93ca8bf953da1cb2e5ba613acc0c84bd0f1ab4b9f8ec311
  languageName: node
  linkType: hard

"@storybook/theming@npm:8.6.17":
  version: 8.6.17
  resolution: "@storybook/theming@npm:8.6.17"
  peerDependencies:
    storybook: ^8.2.0 || ^8.3.0-0 || ^8.4.0-0 || ^8.5.0-0 || ^8.6.0-0
  checksum: 10c0/d9856f69f30c1294ebec131dcab742ce1d723c932704ff28a4e3bd37b17fde59a18c72c7ce917f9d577eec36733e368aa363092198a1fdfa49c3c65c5f498fb3
  languageName: node
  linkType: hard

"@types/hoist-non-react-statics@npm:*":
  version: 3.3.5
  resolution: "@types/hoist-non-react-statics@npm:3.3.5"
  dependencies:
    "@types/react": "npm:*"
    hoist-non-react-statics: "npm:^3.3.0"
  checksum: 10c0/2a3b64bf3d9817d7830afa60ee314493c475fb09570a64e7737084cd482d2177ebdddf888ce837350bac51741278b077683facc9541f052d4bbe8487b4e3e618
  languageName: node
  linkType: hard

"@types/node@npm:^20.11.6":
  version: 20.11.6
  resolution: "@types/node@npm:20.11.6"
  dependencies:
    undici-types: "npm:~5.26.4"
  checksum: 10c0/922bc1e78076bb79fd168902c80321b54487181e3be3386e183fc535d102d91c8902da25148eaec841410fab7fb872fd4a93ec9ac9299cedf0ebcbf16b442aa1
  languageName: node
  linkType: hard

"@types/object-path@npm:^0.11.4":
  version: 0.11.4
  resolution: "@types/object-path@npm:0.11.4"
  checksum: 10c0/fb7f71b170013cf23d323782f12d25e8fa3e2d4048ee3d4d71ca7fe9c553ceeaaa720560bae9925a1c6b893f6d02bbaefad6d68be52c0bd6b136722a5baba77d
  languageName: node
  linkType: hard

"@types/prop-types@npm:*":
  version: 15.7.11
  resolution: "@types/prop-types@npm:15.7.11"
  checksum: 10c0/e53423cf9d510515ef8b47ff42f4f1b65a7b7b37c8704e2dbfcb9a60defe0c0e1f3cb1acfdeb466bad44ca938d7c79bffdd51b48ffb659df2432169d0b27a132
  languageName: node
  linkType: hard

"@types/react@npm:*, @types/react@npm:^18.2.48":
  version: 18.2.48
  resolution: "@types/react@npm:18.2.48"
  dependencies:
    "@types/prop-types": "npm:*"
    "@types/scheduler": "npm:*"
    csstype: "npm:^3.0.2"
  checksum: 10c0/7e89f18ea2928b1638f564b156d692894dcb9352a7e0a807873c97e858abe1f23dbd165a25dd088a991344e973fdeef88ba5724bfb64504b74072cbc9c220c3a
  languageName: node
  linkType: hard

"@types/scheduler@npm:*":
  version: 0.16.8
  resolution: "@types/scheduler@npm:0.16.8"
  checksum: 10c0/f86de504945b8fc41b1f391f847444d542e2e4067cf7e5d9bfeb5d2d2393d3203b1161bc0ef3b1e104d828dabfb60baf06e8d2c27e27ff7e8258e6e618d8c4ec
  languageName: node
  linkType: hard

"@types/styled-components@npm:^5.1.34":
  version: 5.1.34
  resolution: "@types/styled-components@npm:5.1.34"
  dependencies:
    "@types/hoist-non-react-statics": "npm:*"
    "@types/react": "npm:*"
    csstype: "npm:^3.0.2"
  checksum: 10c0/5bce93ea2c6161fc45daaf863eefdc20672e839ae486597c40b95e7978e249c160c1bc9706f56cb5152a7ef63cf485d15a9502889169ef945281f511e4b2d5a0
  languageName: node
  linkType: hard

"@types/stylis@npm:4.2.0":
  version: 4.2.0
  resolution: "@types/stylis@npm:4.2.0"
  checksum: 10c0/c76c13e76ca485f598a13984cfb5e07bb88a851da5bee213587424a5f101f182c74f4f92d633cebf9abcec40ccebb645d600d184b7e4b42793e3eeca8729b110
  languageName: node
  linkType: hard

"@types/uuid@npm:^9.0.7":
  version: 9.0.7
  resolution: "@types/uuid@npm:9.0.7"
  checksum: 10c0/b329ebd4f9d1d8e08d4f2cc211be4922d70d1149f73d5772630e4a3acfb5170c6d37b3d7a39a0412f1a56e86e8a844c7f297c798b082f90380608bf766688787
  languageName: node
  linkType: hard

"ast-types@npm:^0.16.1":
  version: 0.16.1
  resolution: "ast-types@npm:0.16.1"
  dependencies:
    tslib: "npm:^2.0.1"
  checksum: 10c0/abcc49e42eb921a7ebc013d5bec1154651fb6dbc3f497541d488859e681256901b2990b954d530ba0da4d0851271d484f7057d5eff5e07cb73e8b10909f711bf
  languageName: node
  linkType: hard

"available-typed-arrays@npm:^1.0.5":
  version: 1.0.5
  resolution: "available-typed-arrays@npm:1.0.5"
  checksum: 10c0/c4df567ca72d2754a6cbad20088f5f98b1065b3360178169fa9b44ea101af62c0f423fc3854fa820fd6895b6b9171b8386e71558203103ff8fc2ad503fdcc660
  languageName: node
  linkType: hard

"better-opn@npm:^3.0.2":
  version: 3.0.2
  resolution: "better-opn@npm:3.0.2"
  dependencies:
    open: "npm:^8.0.4"
  checksum: 10c0/911ef25d44da75aabfd2444ce7a4294a8000ebcac73068c04a60298b0f7c7506b60421aa4cd02ac82502fb42baaff7e4892234b51e6923eded44c5a11185f2f5
  languageName: node
  linkType: hard

"browser-assert@npm:^1.2.1":
  version: 1.2.1
  resolution: "browser-assert@npm:1.2.1"
  checksum: 10c0/902abf999f92c9c951fdb6d7352c09eea9a84706258699655f7e7906e42daa06a1ae286398a755872740e05a6a71c43c5d1a0c0431d67a8cdb66e5d859a3fc0c
  languageName: node
  linkType: hard

"call-bind@npm:^1.0.4":
  version: 1.0.5
  resolution: "call-bind@npm:1.0.5"
  dependencies:
    function-bind: "npm:^1.1.2"
    get-intrinsic: "npm:^1.2.1"
    set-function-length: "npm:^1.1.1"
  checksum: 10c0/a6172c168fd6dacf744fcde745099218056bd755c50415b592655dcd6562157ed29f130f56c3f6db2250f67e4bd62e5c218cdc56d7bfd76e0bda50770fce2d10
  languageName: node
  linkType: hard

"camelize@npm:^1.0.0":
  version: 1.0.0
  resolution: "camelize@npm:1.0.0"
  checksum: 10c0/b2cf60c12d002f6f5bff1dc56dedd9fa98767af2090c9699a0cd4da48d02f0b3939d09722028145555528b82da3140a117f92f1f9ecc7928af4fb3bfe86fec35
  languageName: node
  linkType: hard

"css-color-keywords@npm:^1.0.0":
  version: 1.0.0
  resolution: "css-color-keywords@npm:1.0.0"
  checksum: 10c0/af205a86c68e0051846ed91eb3e30b4517e1904aac040013ff1d742019b3f9369ba5658ba40901dbbc121186fc4bf0e75a814321cc3e3182fbb2feb81c6d9cb7
  languageName: node
  linkType: hard

"css-to-react-native@npm:3.2.0":
  version: 3.2.0
  resolution: "css-to-react-native@npm:3.2.0"
  dependencies:
    camelize: "npm:^1.0.0"
    css-color-keywords: "npm:^1.0.0"
    postcss-value-parser: "npm:^4.0.2"
  checksum: 10c0/fde850a511d5d3d7c55a1e9b8ed26b69a8ad4868b3487e36ebfbfc0b96fc34bc977d9cd1d61a289d0c74d3f9a662d8cee297da53d4433bf2e27d6acdff8e1003
  languageName: node
  linkType: hard

"csstype@npm:3.1.2":
  version: 3.1.2
  resolution: "csstype@npm:3.1.2"
  checksum: 10c0/32c038af259897c807ac738d9eab16b3d86747c72b09d5c740978e06f067f9b7b1737e1b75e407c7ab1fe1543dc95f20e202b4786aeb1b8d3bdf5d5ce655e6c6
  languageName: node
  linkType: hard

"csstype@npm:^3.0.2":
  version: 3.1.3
  resolution: "csstype@npm:3.1.3"
  checksum: 10c0/80c089d6f7e0c5b2bd83cf0539ab41474198579584fa10d86d0cafe0642202343cbc119e076a0b1aece191989477081415d66c9fefbf3c957fc2fc4b7009f248
  languageName: node
  linkType: hard

"debug@npm:^4.3.4":
  version: 4.3.4
  resolution: "debug@npm:4.3.4"
  dependencies:
    ms: "npm:2.1.2"
  peerDependenciesMeta:
    supports-color:
      optional: true
  checksum: 10c0/cedbec45298dd5c501d01b92b119cd3faebe5438c3917ff11ae1bff86a6c722930ac9c8659792824013168ba6db7c4668225d845c633fbdafbbf902a6389f736
  languageName: node
  linkType: hard

"define-data-property@npm:^1.1.1":
  version: 1.1.1
  resolution: "define-data-property@npm:1.1.1"
  dependencies:
    get-intrinsic: "npm:^1.2.1"
    gopd: "npm:^1.0.1"
    has-property-descriptors: "npm:^1.0.0"
  checksum: 10c0/77ef6e0bceb515e05b5913ab635a84d537cee84f8a7c37c77fdcb31fc5b80f6dbe81b33375e4b67d96aa04e6a0d8d4ea099e431d83f089af8d93adfb584bcb94
  languageName: node
  linkType: hard

"define-lazy-prop@npm:^2.0.0":
  version: 2.0.0
  resolution: "define-lazy-prop@npm:2.0.0"
  checksum: 10c0/db6c63864a9d3b7dc9def55d52764968a5af296de87c1b2cc71d8be8142e445208071953649e0386a8cc37cfcf9a2067a47207f1eb9ff250c2a269658fdae422
  languageName: node
  linkType: hard

"esbuild-register@npm:^3.5.0":
  version: 3.5.0
  resolution: "esbuild-register@npm:3.5.0"
  dependencies:
    debug: "npm:^4.3.4"
  peerDependencies:
    esbuild: ">=0.12 <1"
  checksum: 10c0/9ccd0573cb66018e4cce3c1416eed0f5f3794c7026ce469a94e2f8761335abed8e363fc8e8bb036ab9ad7e579bb4296b8568a04ae5626596c123576b0d9c9bde
  languageName: node
  linkType: hard

"esbuild@npm:^0.18.0 || ^0.19.0 || ^0.20.0 || ^0.21.0 || ^0.22.0 || ^0.23.0 || ^0.24.0 || ^0.25.0":
  version: 0.25.12
  resolution: "esbuild@npm:0.25.12"
  dependencies:
    "@esbuild/aix-ppc64": "npm:0.25.12"
    "@esbuild/android-arm": "npm:0.25.12"
    "@esbuild/android-arm64": "npm:0.25.12"
    "@esbuild/android-x64": "npm:0.25.12"
    "@esbuild/darwin-arm64": "npm:0.25.12"
    "@esbuild/darwin-x64": "npm:0.25.12"
    "@esbuild/freebsd-arm64": "npm:0.25.12"
    "@esbuild/freebsd-x64": "npm:0.25.12"
    "@esbuild/linux-arm": "npm:0.25.12"
    "@esbuild/linux-arm64": "npm:0.25.12"
    "@esbuild/linux-ia32": "npm:0.25.12"
    "@esbuild/linux-loong64": "npm:0.25.12"
    "@esbuild/linux-mips64el": "npm:0.25.12"
    "@esbuild/linux-ppc64": "npm:0.25.12"
    "@esbuild/linux-riscv64": "npm:0.25.12"
    "@esbuild/linux-s390x": "npm:0.25.12"
    "@esbuild/linux-x64": "npm:0.25.12"
    "@esbuild/netbsd-arm64": "npm:0.25.12"
    "@esbuild/netbsd-x64": "npm:0.25.12"
    "@esbuild/openbsd-arm64": "npm:0.25.12"
    "@esbuild/openbsd-x64": "npm:0.25.12"
    "@esbuild/openharmony-arm64": "npm:0.25.12"
    "@esbuild/sunos-x64": "npm:0.25.12"
    "@esbuild/win32-arm64": "npm:0.25.12"
    "@esbuild/win32-ia32": "npm:0.25.12"
    "@esbuild/win32-x64": "npm:0.25.12"
  dependenciesMeta:
    "@esbuild/aix-ppc64":
      optional: true
    "@esbuild/android-arm":
      optional: true
    "@esbuild/android-arm64":
      optional: true
    "@esbuild/android-x64":
      optional: true
    "@esbuild/darwin-arm64":
      optional: true
    "@esbuild/darwin-x64":
      optional: true
    "@esbuild/freebsd-arm64":
      optional: true
    "@esbuild/freebsd-x64":
      optional: true
    "@esbuild/linux-arm":
      optional: true
    "@esbuild/linux-arm64":
      optional: true
    "@esbuild/linux-ia32":
      optional: true
    "@esbuild/linux-loong64":
      optional: true
    "@esbuild/linux-mips64el":
      optional: true
    "@esbuild/linux-ppc64":
      optional: true
    "@esbuild/linux-riscv64":
      optional: true
    "@esbuild/linux-s390x":
      optional: true
    "@esbuild/linux-x64":
      optional: true
    "@esbuild/netbsd-arm64":
      optional: true
    "@esbuild/netbsd-x64":
      optional: true
    "@esbuild/openbsd-arm64":
      optional: true
    "@esbuild/openbsd-x64":
      optional: true
    "@esbuild/openharmony-arm64":
      optional: true
    "@esbuild/sunos-x64":
      optional: true
    "@esbuild/win32-arm64":
      optional: true
    "@esbuild/win32-ia32":
      optional: true
    "@esbuild/win32-x64":
      optional: true
  bin:
    esbuild: bin/esbuild
  checksum: 10c0/c205357531423220a9de8e1e6c6514242bc9b1666e762cd67ccdf8fdfdc3f1d0bd76f8d9383958b97ad4c953efdb7b6e8c1f9ca5951cd2b7c5235e8755b34a6b
  languageName: node
  linkType: hard

"esprima@npm:~4.0.0":
  version: 4.0.1
  resolution: "esprima@npm:4.0.1"
  bin:
    esparse: ./bin/esparse.js
    esvalidate: ./bin/esvalidate.js
  checksum: 10c0/ad4bab9ead0808cf56501750fd9d3fb276f6b105f987707d059005d57e182d18a7c9ec7f3a01794ebddcca676773e42ca48a32d67a250c9d35e009ca613caba3
  languageName: node
  linkType: hard

"for-each@npm:^0.3.3":
  version: 0.3.3
  resolution: "for-each@npm:0.3.3"
  dependencies:
    is-callable: "npm:^1.1.3"
  checksum: 10c0/22330d8a2db728dbf003ec9182c2d421fbcd2969b02b4f97ec288721cda63eb28f2c08585ddccd0f77cb2930af8d958005c9e72f47141dc51816127a118f39aa
  languageName: node
  linkType: hard

"function-bind@npm:^1.1.2":
  version: 1.1.2
  resolution: "function-bind@npm:1.1.2"
  checksum: 10c0/d8680ee1e5fcd4c197e4ac33b2b4dce03c71f4d91717292785703db200f5c21f977c568d28061226f9b5900cbcd2c84463646134fd5337e7925e0942bc3f46d5
  languageName: node
  linkType: hard

"get-intrinsic@npm:^1.1.3, get-intrinsic@npm:^1.2.1, get-intrinsic@npm:^1.2.2":
  version: 1.2.2
  resolution: "get-intrinsic@npm:1.2.2"
  dependencies:
    function-bind: "npm:^1.1.2"
    has-proto: "npm:^1.0.1"
    has-symbols: "npm:^1.0.3"
    hasown: "npm:^2.0.0"
  checksum: 10c0/4e7fb8adc6172bae7c4fe579569b4d5238b3667c07931cd46b4eee74bbe6ff6b91329bec311a638d8e60f5b51f44fe5445693c6be89ae88d4b5c49f7ff12db0b
  languageName: node
  linkType: hard

"gopd@npm:^1.0.1":
  version: 1.0.1
  resolution: "gopd@npm:1.0.1"
  dependencies:
    get-intrinsic: "npm:^1.1.3"
  checksum: 10c0/505c05487f7944c552cee72087bf1567debb470d4355b1335f2c262d218ebbff805cd3715448fe29b4b380bae6912561d0467233e4165830efd28da241418c63
  languageName: node
  linkType: hard

"has-property-descriptors@npm:^1.0.0, has-property-descriptors@npm:^1.0.1":
  version: 1.0.1
  resolution: "has-property-descriptors@npm:1.0.1"
  dependencies:
    get-intrinsic: "npm:^1.2.2"
  checksum: 10c0/d62ba94b40150b00d621bc64a6aedb5bf0ee495308b4b7ed6bac856043db3cdfb1db553ae81cec91c9d2bd82057ff0e94145e7fa25d5aa5985ed32e0921927f6
  languageName: node
  linkType: hard

"has-proto@npm:^1.0.1":
  version: 1.0.1
  resolution: "has-proto@npm:1.0.1"
  checksum: 10c0/c8a8fe411f810b23a564bd5546a8f3f0fff6f1b692740eb7a2fdc9df716ef870040806891e2f23ff4653f1083e3895bf12088703dd1a0eac3d9202d3a4768cd0
  languageName: node
  linkType: hard

"has-symbols@npm:^1.0.2":
  version: 1.0.2
  resolution: "has-symbols@npm:1.0.2"
  checksum: 10c0/bfac913244c77e6cb4e3cb6d617a70419f5fa4e1959e828a789b958933ceb997706eafb9615f27089e8fa57449094a3c81695ed3ec0c3b2fa8be8d506640b0f7
  languageName: node
  linkType: hard

"has-symbols@npm:^1.0.3":
  version: 1.0.3
  resolution: "has-symbols@npm:1.0.3"
  checksum: 10c0/e6922b4345a3f37069cdfe8600febbca791c94988c01af3394d86ca3360b4b93928bbf395859158f88099cb10b19d98e3bbab7c9ff2c1bd09cf665ee90afa2c3
  languageName: node
  linkType: hard

"has-tostringtag@npm:^1.0.0":
  version: 1.0.0
  resolution: "has-tostringtag@npm:1.0.0"
  dependencies:
    has-symbols: "npm:^1.0.2"
  checksum: 10c0/1cdba76b7d13f65198a92b8ca1560ba40edfa09e85d182bf436d928f3588a9ebd260451d569f0ed1b849c4bf54f49c862aa0d0a77f9552b1855bb6deb526c011
  languageName: node
  linkType: hard

"hash-it@npm:^5.0.2":
  version: 5.0.2
  resolution: "hash-it@npm:5.0.2"
  checksum: 10c0/1bccf6419638ef5144ea64927ff27273035f2fea803882d69a66277e3f40a4868a55dd82ef10be84f9b4ac0ba8b3d7fee86bdb9902c13bd32efc532d6d105fe2
  languageName: node
  linkType: hard

"hasown@npm:^2.0.0":
  version: 2.0.0
  resolution: "hasown@npm:2.0.0"
  dependencies:
    function-bind: "npm:^1.1.2"
  checksum: 10c0/5d415b114f410661208c95e7ab4879f1cc2765b8daceff4dc8718317d1cb7b9ffa7c5d1eafd9a4389c9aab7445d6ea88e05f3096cb1e529618b55304956b87fc
  languageName: node
  linkType: hard

"hoist-non-react-statics@npm:^3.3.0":
  version: 3.3.2
  resolution: "hoist-non-react-statics@npm:3.3.2"
  dependencies:
    react-is: "npm:^16.7.0"
  checksum: 10c0/fe0889169e845d738b59b64badf5e55fa3cf20454f9203d1eb088df322d49d4318df774828e789898dcb280e8a5521bb59b3203385662ca5e9218a6ca5820e74
  languageName: node
  linkType: hard

"immer@npm:^9.0.12":
  version: 9.0.12
  resolution: "immer@npm:9.0.12"
  checksum: 10c0/85bf3a4c0d98d81ff9aa1c1e226516240a9ee0e906916958b7f5cf30b33b9a0219af58986783d0ae442b4ed6da443da684f7e9738d4fbe2243361534ad6db3d2
  languageName: node
  linkType: hard

"inherits@npm:^2.0.3":
  version: 2.0.4
  resolution: "inherits@npm:2.0.4"
  checksum: 10c0/4e531f648b29039fb7426fb94075e6545faa1eb9fe83c29f0b6d9e7263aceb4289d2d4557db0d428188eeb449cc7c5e77b0a0b2c4e248ff2a65933a0dee49ef2
  languageName: node
  linkType: hard

"is-arguments@npm:^1.0.4":
  version: 1.0.4
  resolution: "is-arguments@npm:1.0.4"
  checksum: 10c0/78c9b3344ab6602fb77ee0150c47ed8e54ce35f179cf9e25d93d67dd8ab4588d67be700ef2effcd637d262f2cf001d1c424767bf212fe256b16600583a101d25
  languageName: node
  linkType: hard

"is-callable@npm:^1.1.3":
  version: 1.2.7
  resolution: "is-callable@npm:1.2.7"
  checksum: 10c0/ceebaeb9d92e8adee604076971dd6000d38d6afc40bb843ea8e45c5579b57671c3f3b50d7f04869618242c6cee08d1b67806a8cb8edaaaf7c0748b3720d6066f
  languageName: node
  linkType: hard

"is-docker@npm:^2.0.0, is-docker@npm:^2.1.1":
  version: 2.2.1
  resolution: "is-docker@npm:2.2.1"
  bin:
    is-docker: cli.js
  checksum: 10c0/e828365958d155f90c409cdbe958f64051d99e8aedc2c8c4cd7c89dcf35329daed42f7b99346f7828df013e27deb8f721cf9408ba878c76eb9e8290235fbcdcc
  languageName: node
  linkType: hard

"is-generator-function@npm:^1.0.7":
  version: 1.0.10
  resolution: "is-generator-function@npm:1.0.10"
  dependencies:
    has-tostringtag: "npm:^1.0.0"
  checksum: 10c0/df03514df01a6098945b5a0cfa1abff715807c8e72f57c49a0686ad54b3b74d394e2d8714e6f709a71eb00c9630d48e73ca1796c1ccc84ac95092c1fecc0d98b
  languageName: node
  linkType: hard

"is-typed-array@npm:^1.1.3":
  version: 1.1.12
  resolution: "is-typed-array@npm:1.1.12"
  dependencies:
    which-typed-array: "npm:^1.1.11"
  checksum: 10c0/9863e9cc7223c6fc1c462a2c3898a7beff6b41b1ee0fabb03b7d278ae7de670b5bcbc8627db56bb66ed60902fa37d53fe5cce0fd2f7d73ac64fe5da6f409b6ae
  languageName: node
  linkType: hard

"is-wsl@npm:^2.2.0":
  version: 2.2.0
  resolution: "is-wsl@npm:2.2.0"
  dependencies:
    is-docker: "npm:^2.0.0"
  checksum: 10c0/a6fa2d370d21be487c0165c7a440d567274fbba1a817f2f0bfa41cc5e3af25041d84267baa22df66696956038a43973e72fca117918c91431920bdef490fa25e
  languageName: node
  linkType: hard

"jsdoc-type-pratt-parser@npm:^4.0.0":
  version: 4.8.0
  resolution: "jsdoc-type-pratt-parser@npm:4.8.0"
  checksum: 10c0/c2b77751d35e3931db9da96720b544b215830722b748b58ee8ce51ec72092006a4a03c5a59c86a4552d0094975c8d3bcc21a7241a0e47860e127d3fba5b55f33
  languageName: node
  linkType: hard

"ms@npm:2.1.2":
  version: 2.1.2
  resolution: "ms@npm:2.1.2"
  checksum: 10c0/a437714e2f90dbf881b5191d35a6db792efbca5badf112f87b9e1c712aace4b4b9b742dd6537f3edf90fd6f684de897cec230abde57e87883766712ddda297cc
  languageName: node
  linkType: hard

"nanoid@npm:^3.3.6":
  version: 3.3.7
  resolution: "nanoid@npm:3.3.7"
  bin:
    nanoid: bin/nanoid.cjs
  checksum: 10c0/e3fb661aa083454f40500473bb69eedb85dc160e763150b9a2c567c7e9ff560ce028a9f833123b618a6ea742e311138b591910e795614a629029e86e180660f3
  languageName: node
  linkType: hard

"object-path@npm:^0.11.8":
  version: 0.11.8
  resolution: "object-path@npm:0.11.8"
  checksum: 10c0/73b1f33bb30a7032d8cce2e3dcffd82b80a83d8304e80b4f83b4f456165625de9907f1ca7f7441d4dfb5e73429ace1e5bf9d9315636ac0aacc76392cc21d1672
  languageName: node
  linkType: hard

"open@npm:^8.0.4":
  version: 8.4.2
  resolution: "open@npm:8.4.2"
  dependencies:
    define-lazy-prop: "npm:^2.0.0"
    is-docker: "npm:^2.1.1"
    is-wsl: "npm:^2.2.0"
  checksum: 10c0/bb6b3a58401dacdb0aad14360626faf3fb7fba4b77816b373495988b724fb48941cad80c1b65d62bb31a17609b2cd91c41a181602caea597ca80dfbcc27e84c9
  languageName: node
  linkType: hard

"picocolors@npm:^1.0.0":
  version: 1.0.0
  resolution: "picocolors@npm:1.0.0"
  checksum: 10c0/20a5b249e331c14479d94ec6817a182fd7a5680debae82705747b2db7ec50009a5f6648d0621c561b0572703f84dbef0858abcbd5856d3c5511426afcb1961f7
  languageName: node
  linkType: hard

"postcss-value-parser@npm:^4.0.2":
  version: 4.1.0
  resolution: "postcss-value-parser@npm:4.1.0"
  checksum: 10c0/55b30eaa103765a7cc0468d2a41da6e200f992f2634c63eb89a97dd9b722732365e30dba007c2c040a8cb0c94ba8b70b0c97bcd1de62318ebae72bb5de9537e0
  languageName: node
  linkType: hard

"postcss@npm:8.4.31":
  version: 8.4.31
  resolution: "postcss@npm:8.4.31"
  dependencies:
    nanoid: "npm:^3.3.6"
    picocolors: "npm:^1.0.0"
    source-map-js: "npm:^1.0.2"
  checksum: 10c0/748b82e6e5fc34034dcf2ae88ea3d11fd09f69b6c50ecdd3b4a875cfc7cdca435c958b211e2cb52355422ab6fccb7d8f2f2923161d7a1b281029e4a913d59acf
  languageName: node
  linkType: hard

"process@npm:^0.11.10":
  version: 0.11.10
  resolution: "process@npm:0.11.10"
  checksum: 10c0/40c3ce4b7e6d4b8c3355479df77aeed46f81b279818ccdc500124e6a5ab882c0cc81ff7ea16384873a95a74c4570b01b120f287abbdd4c877931460eca6084b3
  languageName: node
  linkType: hard

"react-icons@npm:^4.1.0":
  version: 4.1.0
  resolution: "react-icons@npm:4.1.0"
  peerDependencies:
    react: "*"
  checksum: 10c0/1f7ac9ba9b7ac2b3630930b253734a4ef0c2853fa6a4b2a8d4701910aedfa9db4946dd7c02dd0412204abcff1ecb1aa3d15156e0efc30d4a77b7fee7ec6f869c
  languageName: node
  linkType: hard

"react-is@npm:^16.7.0":
  version: 16.13.1
  resolution: "react-is@npm:16.13.1"
  checksum: 10c0/33977da7a5f1a287936a0c85639fec6ca74f4f15ef1e59a6bc20338fc73dc69555381e211f7a3529b8150a1f71e4225525b41b60b52965bda53ce7d47377ada1
  languageName: node
  linkType: hard

"react@npm:^19.0.0":
  version: 19.2.4
  resolution: "react@npm:19.2.4"
  checksum: 10c0/cd2c9ff67a720799cc3b38a516009986f7fc4cb8d3e15716c6211cf098d1357ee3e348ab05ad0600042bbb0fd888530ba92e329198c92eafa0994f5213396596
  languageName: node
  linkType: hard

"recast@npm:^0.23.5":
  version: 0.23.9
  resolution: "recast@npm:0.23.9"
  dependencies:
    ast-types: "npm:^0.16.1"
    esprima: "npm:~4.0.0"
    source-map: "npm:~0.6.1"
    tiny-invariant: "npm:^1.3.3"
    tslib: "npm:^2.0.1"
  checksum: 10c0/65d6e780351f0180ea4fe5c9593ac18805bf2b79977f5bedbbbf26f6d9b619ed0f6992c1bf9e06dd40fca1aea727ad6d62463cfb5d3a33342ee5a6e486305fe5
  languageName: node
  linkType: hard

"semver@npm:^7.6.2":
  version: 7.7.4
  resolution: "semver@npm:7.7.4"
  bin:
    semver: bin/semver.js
  checksum: 10c0/5215ad0234e2845d4ea5bb9d836d42b03499546ddafb12075566899fc617f68794bb6f146076b6881d755de17d6c6cc73372555879ec7dce2c2feee947866ad2
  languageName: node
  linkType: hard

"set-function-length@npm:^1.1.1":
  version: 1.2.0
  resolution: "set-function-length@npm:1.2.0"
  dependencies:
    define-data-property: "npm:^1.1.1"
    function-bind: "npm:^1.1.2"
    get-intrinsic: "npm:^1.2.2"
    gopd: "npm:^1.0.1"
    has-property-descriptors: "npm:^1.0.1"
  checksum: 10c0/b4fdf68bbfa9944284a9469c04e0d9cdb7924942fab75cd11fb61e8a7518f0d40bbbbc1b46871f648a93b97d170d8047fe3492cdadff066a8a8ae4ce68d0564a
  languageName: node
  linkType: hard

"shallowequal@npm:1.1.0":
  version: 1.1.0
  resolution: "shallowequal@npm:1.1.0"
  checksum: 10c0/b926efb51cd0f47aa9bc061add788a4a650550bbe50647962113a4579b60af2abe7b62f9b02314acc6f97151d4cf87033a2b15fc20852fae306d1a095215396c
  languageName: node
  linkType: hard

"source-map-js@npm:^1.0.2":
  version: 1.0.2
  resolution: "source-map-js@npm:1.0.2"
  checksum: 10c0/32f2dfd1e9b7168f9a9715eb1b4e21905850f3b50cf02cf476e47e4eebe8e6b762b63a64357896aa29b37e24922b4282df0f492e0d2ace572b43d15525976ff8
  languageName: node
  linkType: hard

"source-map@npm:~0.6.1":
  version: 0.6.1
  resolution: "source-map@npm:0.6.1"
  checksum: 10c0/ab55398007c5e5532957cb0beee2368529618ac0ab372d789806f5718123cc4367d57de3904b4e6a4170eb5a0b0f41373066d02ca0735a0c4d75c7d328d3e011
  languageName: node
  linkType: hard

"storybook@npm:^8.6.17":
  version: 8.6.17
  resolution: "storybook@npm:8.6.17"
  dependencies:
    "@storybook/core": "npm:8.6.17"
  peerDependencies:
    prettier: ^2 || ^3
  peerDependenciesMeta:
    prettier:
      optional: true
  bin:
    getstorybook: ./bin/index.cjs
    sb: ./bin/index.cjs
    storybook: ./bin/index.cjs
  checksum: 10c0/7e83865ce43a884bf4956516017dcb510b5ca214b33bcb125a32d80bddcde370dc3f56b9ef2156a58f24ec3fa2df77de3e8d4add36c10e5319ea3011766ab73c
  languageName: node
  linkType: hard

"styled-components@npm:^6.1.8":
  version: 6.1.8
  resolution: "styled-components@npm:6.1.8"
  dependencies:
    "@emotion/is-prop-valid": "npm:1.2.1"
    "@emotion/unitless": "npm:0.8.0"
    "@types/stylis": "npm:4.2.0"
    css-to-react-native: "npm:3.2.0"
    csstype: "npm:3.1.2"
    postcss: "npm:8.4.31"
    shallowequal: "npm:1.1.0"
    stylis: "npm:4.3.1"
    tslib: "npm:2.5.0"
  peerDependencies:
    react: ">= 16.8.0"
    react-dom: ">= 16.8.0"
  checksum: 10c0/fafe4b9198d5d7980c2358821d1a89f86200d55c8eec03670cf12cf43b8a05a77eafaf0872cd85821f68238308e0f5c9d9aa43a62e6987c65b70baa2c3277ab8
  languageName: node
  linkType: hard

"stylis@npm:4.3.1":
  version: 4.3.1
  resolution: "stylis@npm:4.3.1"
  checksum: 10c0/33e8ebd2bfa5f0bd0215f718dc2d3be896e1d00c5bcaeb9a4ae03cf239db6867af9eee230f57229bf1c29499357073ba3e6b547484ba1db2f5de1e8be7d4eee9
  languageName: node
  linkType: hard

"synchronous-promise@npm:^2.0.17":
  version: 2.0.17
  resolution: "synchronous-promise@npm:2.0.17"
  checksum: 10c0/1babe643d8417789ef6e5a2f3d4b8abcda2de236acd09bbe2c98f6be82c0a2c92ed21a6e4f934845fa8de18b1435a9cba1e8c3d945032e8a532f076224c024b1
  languageName: node
  linkType: hard

"tiny-invariant@npm:^1.3.3":
  version: 1.3.3
  resolution: "tiny-invariant@npm:1.3.3"
  checksum: 10c0/65af4a07324b591a059b35269cd696aba21bef2107f29b9f5894d83cc143159a204b299553435b03874ebb5b94d019afa8b8eff241c8a4cfee95872c2e1c1c4a
  languageName: node
  linkType: hard

"tslib@npm:2.5.0":
  version: 2.5.0
  resolution: "tslib@npm:2.5.0"
  checksum: 10c0/e32fc99cc730dd514e53c44e668d76016e738f0bcc726aad5dbd2d335cf19b87a95a9b1e4f0a9993e370f1d702b5e471cdd4acabcac428a3099d496b9af2021e
  languageName: node
  linkType: hard

"tslib@npm:^2.0.0, tslib@npm:^2.0.1":
  version: 2.6.3
  resolution: "tslib@npm:2.6.3"
  checksum: 10c0/2598aef53d9dbe711af75522464b2104724d6467b26a60f2bdac8297d2b5f1f6b86a71f61717384aa8fd897240467aaa7bcc36a0700a0faf751293d1331db39a
  languageName: node
  linkType: hard

"typescript@npm:^5.3.3":
  version: 5.3.3
  resolution: "typescript@npm:5.3.3"
  bin:
    tsc: bin/tsc
    tsserver: bin/tsserver
  checksum: 10c0/e33cef99d82573624fc0f854a2980322714986bc35b9cb4d1ce736ed182aeab78e2cb32b385efa493b2a976ef52c53e20d6c6918312353a91850e2b76f1ea44f
  languageName: node
  linkType: hard

"typescript@patch:typescript@npm%3A^5.3.3#optional!builtin<compat/typescript>":
  version: 5.3.3
  resolution: "typescript@patch:typescript@npm%3A5.3.3#optional!builtin<compat/typescript>::version=5.3.3&hash=e012d7"
  bin:
    tsc: bin/tsc
    tsserver: bin/tsserver
  checksum: 10c0/1d0a5f4ce496c42caa9a30e659c467c5686eae15d54b027ee7866744952547f1be1262f2d40de911618c242b510029d51d43ff605dba8fb740ec85ca2d3f9500
  languageName: node
  linkType: hard

"undici-types@npm:~5.26.4":
  version: 5.26.5
  resolution: "undici-types@npm:5.26.5"
  checksum: 10c0/bb673d7876c2d411b6eb6c560e0c571eef4a01c1c19925175d16e3a30c4c428181fb8d7ae802a261f283e4166a0ac435e2f505743aa9e45d893f9a3df017b501
  languageName: node
  linkType: hard

"util@npm:^0.12.5":
  version: 0.12.5
  resolution: "util@npm:0.12.5"
  dependencies:
    inherits: "npm:^2.0.3"
    is-arguments: "npm:^1.0.4"
    is-generator-function: "npm:^1.0.7"
    is-typed-array: "npm:^1.1.3"
    which-typed-array: "npm:^1.1.2"
  checksum: 10c0/c27054de2cea2229a66c09522d0fa1415fb12d861d08523a8846bf2e4cbf0079d4c3f725f09dcb87493549bcbf05f5798dce1688b53c6c17201a45759e7253f3
  languageName: node
  linkType: hard

"uuid@npm:^9.0.1":
  version: 9.0.1
  resolution: "uuid@npm:9.0.1"
  bin:
    uuid: dist/bin/uuid
  checksum: 10c0/1607dd32ac7fc22f2d8f77051e6a64845c9bce5cd3dd8aa0070c074ec73e666a1f63c7b4e0f4bf2bc8b9d59dc85a15e17807446d9d2b17c8485fbc2147b27f9b
  languageName: node
  linkType: hard

"which-typed-array@npm:^1.1.11, which-typed-array@npm:^1.1.2":
  version: 1.1.13
  resolution: "which-typed-array@npm:1.1.13"
  dependencies:
    available-typed-arrays: "npm:^1.0.5"
    call-bind: "npm:^1.0.4"
    for-each: "npm:^0.3.3"
    gopd: "npm:^1.0.1"
    has-tostringtag: "npm:^1.0.0"
  checksum: 10c0/9f5f1c42918df3d5b91c4315ed0051d5d874370998bf095c9ae0df374f0881f85094e3c384b8fb08ab7b4d4f54ba81c0aff75da6226e7c0589b83dfbec1cd4c9
  languageName: node
  linkType: hard

"ws@npm:^8.2.3":
  version: 8.19.0
  resolution: "ws@npm:8.19.0"
  peerDependencies:
    bufferutil: ^4.0.1
    utf-8-validate: ">=5.0.2"
  peerDependenciesMeta:
    bufferutil:
      optional: true
    utf-8-validate:
      optional: true
  checksum: 10c0/4741d9b9bc3f9c791880882414f96e36b8b254e34d4b503279d6400d9a4b87a033834856dbdd94ee4b637944df17ea8afc4bce0ff4a1560d2166be8855da5b04
  languageName: node
  linkType: hard
