# THIS IS AN AUTOGENERATED FILE. DO NOT EDIT THIS FILE DIRECTLY.
# yarn lockfile v1


slugify@^1.4.6:
  version "1.4.6"
  resolved "https://registry.yarnpkg.com/slugify/-/slugify-1.4.6.tgz#ef288d920a47fb01c2be56b3487b6722f5e34ace"
  integrity sha512-ZdJIgv9gdrYwhXqxsH9pv7nXxjUEyQ6nqhngRxoAAOlmMGA28FDq5O4/5US4G2/Nod7d1ovNcgURQJ7kHq50KQ==

typescript@^3.9.5:
  version "3.9.7"
  resolved "https://registry.yarnpkg.com/typescript/-/typescript-3.9.7.tgz#98d600a5ebdc38f40cb277522f12dc800e9e25fa"
  integrity sha512-BLbiRkiBzAwsjut4x/dsibSTB6yWpwT5qWmC2OfuCg3GgVQCSgMs4vEctYPhsaGtd0AeuuHMkjZ2h2WG8MSzRw==
